
Microsoft Visual Studio Solution File, Format Version 12.00
# Visual Studio Version 17
VisualStudioVersion = 17.11.35312.102
MinimumVisualStudioVersion = 10.0.40219.1
Project("{FAE04EC0-301F-11D3-BF4B-00C04F79EFBC}") = "EcomSiteMVC", "EcomSiteMVC.csproj", "{62E1F657-E355-4AF0-BAE7-2EF4E5078117}"
EndProject
Global
	GlobalSection(SolutionConfigurationPlatforms) = preSolution
		Debug|Any CPU = Debug|Any CPU
		Release|Any CPU = Release|Any CPU
	EndGlobalSection
	GlobalSection(ProjectConfigurationPlatforms) = postSolution
		{62E1F657-E355-4AF0-BAE7-2EF4E5078117}.Debug|Any CPU.ActiveCfg = Debug|Any CPU
		{62E1F657-E355-4AF0-BAE7-2EF4E5078117}.Debug|Any CPU.Build.0 = Debug|Any CPU
		{62E1F657-E355-4AF0-BAE7-2EF4E5078117}.Release|Any CPU.ActiveCfg = Release|Any CPU
		{62E1F657-E355-4AF0-BAE7-2EF4E5078117}.Release|Any CPU.Build.0 = Release|Any CPU
	EndGlobalSection
	GlobalSection(SolutionProperties) = preSolution
		HideSolutionNode = FALSE
	EndGlobalSection
	GlobalSection(ExtensibilityGlobals) = postSolution
		SolutionGuid = {BF2D92F0-E1E6-4A4F-9526-AB7AA6CBC0EF}
	EndGlobalSection
EndGlobal
